{
  "version": "3",
  "packages": {
    "specifiers": {
      "jsr:@iharuya/time": "jsr:@iharuya/time@0.0.2",
      "jsr:@std/assert": "jsr:@std/assert@0.225.3",
      "jsr:@std/assert@^0.225.2": "jsr:@std/assert@0.225.3",
      "jsr:@std/assert@^0.225.3": "jsr:@std/assert@0.225.3",
      "jsr:@std/async@^1.0.0-rc.1": "jsr:@std/async@1.0.0-rc.2",
      "jsr:@std/cli": "jsr:@std/cli@0.224.3",
      "jsr:@std/data-structures@^1.0.0-rc.1": "jsr:@std/data-structures@1.0.0-rc.1",
      "jsr:@std/dotenv": "jsr:@std/dotenv@0.224.0",
      "jsr:@std/fs": "jsr:@std/fs@0.229.1",
      "jsr:@std/internal@^1.0.0": "jsr:@std/internal@1.0.0",
      "jsr:@std/path": "jsr:@std/path@0.225.1",
      "jsr:@std/path@^0.225.1": "jsr:@std/path@0.225.1",
      "jsr:@std/testing": "jsr:@std/testing@0.225.2",
      "npm:@google/generative-ai": "npm:@google/generative-ai@0.11.4"
    },
    "jsr": {
      "@iharuya/time@0.0.2": {
        "integrity": "0695c7e0d1383df66eb677cd77a21c4a229ebadd2ed884efd4aab281bfed01da"
      },
      "@std/assert@0.225.3": {
        "integrity": "b3c2847aecf6955b50644cdb9cf072004ea3d1998dd7579fc0acb99dbb23bd4f",
        "dependencies": [
          "jsr:@std/internal@^1.0.0"
        ]
      },
      "@std/async@1.0.0-rc.2": {
        "integrity": "f3fe96c78e85c180fe31c3248da2e32d17f7e90ce5fe2765eb7c18861eaf13e1"
      },
      "@std/cli@0.224.3": {
        "integrity": "54fd879e24b738f6812dcc75bcae1534ba8f014245064ceae1bcfc2996c06d44",
        "dependencies": [
          "jsr:@std/assert@^0.225.3"
        ]
      },
      "@std/data-structures@1.0.0-rc.1": {
        "integrity": "d8852b64a13d00deb1027363fa3ab71bbbced0720fa2233e77cac23eb76bfb87"
      },
      "@std/dotenv@0.224.0": {
        "integrity": "d9234cdf551507dcda60abb6c474289843741d8c07ee8ce540c60f5c1b220a1d"
      },
      "@std/fs@0.229.1": {
        "integrity": "38d3fb31f0ca0a8c1118e039939188f32e291a3f7f17dc0868fec22024bdfadd",
        "dependencies": [
          "jsr:@std/assert@^0.225.2",
          "jsr:@std/path@^0.225.1"
        ]
      },
      "@std/internal@1.0.0": {
        "integrity": "ac6a6dfebf838582c4b4f61a6907374e27e05bedb6ce276e0f1608fe84e7cd9a"
      },
      "@std/path@0.225.1": {
        "integrity": "8c3220635a73730eb51fe43de9e10b79e2724a5bb8638b9355d35ae012fd9429",
        "dependencies": [
          "jsr:@std/assert@^0.225.2"
        ]
      },
      "@std/testing@0.225.2": {
        "integrity": "ae5a55e412926acdba98ec3b72aba93d2ab40cad3d0cd2454b048c10ca3584d8",
        "dependencies": [
          "jsr:@std/async@^1.0.0-rc.1",
          "jsr:@std/data-structures@^1.0.0-rc.1"
        ]
      }
    },
    "npm": {
      "@google/generative-ai@0.11.4": {
        "integrity": "sha512-hlw+E9Prv9aUIQISRnLSXi4rukFqKe5WhxPvzBccTvIvXjw2BHMFOJWSC/Gq7WE0W+L/qRHGmYxopmx9qjrB9w==",
        "dependencies": {}
      }
    }
  },
  "redirects": {
    "https://deno.land/std/flags/mod.ts": "https://deno.land/std@0.224.0/flags/mod.ts",
    "https://deno.land/x/gemini/mod.ts": "https://deno.land/x/gemini@v0.0.3-alpha/mod.ts"
  },
  "remote": {
    "https://deno.land/std@0.192.0/_util/asserts.ts": "178dfc49a464aee693a7e285567b3d0b555dc805ff490505a8aae34f9cfb1462",
    "https://deno.land/std@0.192.0/_util/os.ts": "d932f56d41e4f6a6093d56044e29ce637f8dcc43c5a90af43504a889cf1775e3",
    "https://deno.land/std@0.192.0/fs/_util.ts": "fbf57dcdc9f7bc8128d60301eece608246971a7836a3bb1e78da75314f08b978",
    "https://deno.land/std@0.192.0/fs/copy.ts": "14214efd94fc3aa6db1e4af2b4b9578e50f7362b7f3725d5a14ad259a5df26c8",
    "https://deno.land/std@0.192.0/fs/empty_dir.ts": "c3d2da4c7352fab1cf144a1ecfef58090769e8af633678e0f3fabaef98594688",
    "https://deno.land/std@0.192.0/fs/ensure_dir.ts": "dc64c4c75c64721d4e3fb681f1382f803ff3d2868f08563ff923fdd20d071c40",
    "https://deno.land/std@0.192.0/fs/ensure_file.ts": "c38602670bfaf259d86ca824a94e6cb9e5eb73757fefa4ebf43a90dd017d53d9",
    "https://deno.land/std@0.192.0/fs/ensure_link.ts": "c0f5b2f0ec094ed52b9128eccb1ee23362a617457aa0f699b145d4883f5b2fb4",
    "https://deno.land/std@0.192.0/fs/ensure_symlink.ts": "5006ab2f458159c56d689b53b1e48d57e05eeb1eaf64e677f7f76a30bc4fdba1",
    "https://deno.land/std@0.192.0/fs/eol.ts": "f1f2eb348a750c34500741987b21d65607f352cf7205f48f4319d417fff42842",
    "https://deno.land/std@0.192.0/fs/exists.ts": "29c26bca8584a22876be7cb8844f1b6c8fc35e9af514576b78f5c6884d7ed02d",
    "https://deno.land/std@0.192.0/fs/expand_glob.ts": "e4f56259a0a70fe23f05215b00de3ac5e6ba46646ab2a06ebbe9b010f81c972a",
    "https://deno.land/std@0.192.0/fs/mod.ts": "bc3d0acd488cc7b42627044caf47d72019846d459279544e1934418955ba4898",
    "https://deno.land/std@0.192.0/fs/move.ts": "b4f8f46730b40c32ea3c0bc8eb0fd0e8139249a698883c7b3756424cf19785c9",
    "https://deno.land/std@0.192.0/fs/walk.ts": "920be35a7376db6c0b5b1caf1486fb962925e38c9825f90367f8f26b5e5d0897",
    "https://deno.land/std@0.192.0/path/_constants.ts": "e49961f6f4f48039c0dfed3c3f93e963ca3d92791c9d478ac5b43183413136e0",
    "https://deno.land/std@0.192.0/path/_interface.ts": "6471159dfbbc357e03882c2266d21ef9afdb1e4aa771b0545e90db58a0ba314b",
    "https://deno.land/std@0.192.0/path/_util.ts": "d7abb1e0dea065f427b89156e28cdeb32b045870acdf865833ba808a73b576d0",
    "https://deno.land/std@0.192.0/path/common.ts": "ee7505ab01fd22de3963b64e46cff31f40de34f9f8de1fff6a1bd2fe79380000",
    "https://deno.land/std@0.192.0/path/glob.ts": "d479e0a695621c94d3fd7fe7abd4f9499caf32a8de13f25073451c6ef420a4e1",
    "https://deno.land/std@0.192.0/path/mod.ts": "f065032a7189404fdac3ad1a1551a9ac84751d2f25c431e101787846c86c79ef",
    "https://deno.land/std@0.192.0/path/posix.ts": "8b7c67ac338714b30c816079303d0285dd24af6b284f7ad63da5b27372a2c94d",
    "https://deno.land/std@0.192.0/path/separator.ts": "0fb679739d0d1d7bf45b68dacfb4ec7563597a902edbaf3c59b50d5bcadd93b1",
    "https://deno.land/std@0.192.0/path/win32.ts": "d186344e5583bcbf8b18af416d13d82b35a317116e6460a5a3953508c3de5bba",
    "https://deno.land/std@0.224.0/dotenv/mod.ts": "0180eaeedaaf88647318811cdaa418cc64dc51fb08354f91f5f480d0a1309f7d",
    "https://deno.land/std@0.224.0/dotenv/parse.ts": "09977ff88dfd1f24f9973a338f0f91bbdb9307eb5ff6085446e7c423e4c7ba0c",
    "https://deno.land/std@0.224.0/dotenv/stringify.ts": "275da322c409170160440836342eaa7cf012a1d11a7e700d8ca4e7f2f8aa4615",
    "https://deno.land/x/gemini@v0.0.3-alpha/gemini_client.ts": "fbe3ca95a29d402b472bd4592e7674d260f255ea54b8e92366b54f64c03a7537",
    "https://deno.land/x/gemini@v0.0.3-alpha/gemini_request.ts": "cf3a139bd2454b07afb2745b3077c652979a87f2be9042a129d52812133df40a",
    "https://deno.land/x/gemini@v0.0.3-alpha/gemini_response.ts": "6f49a61a9e40c607a25bc50971bb3a9326c0901233ccb5c60b9fbfc5a6444c3d",
    "https://deno.land/x/gemini@v0.0.3-alpha/gemini_response_timing.ts": "88d5bde3b0425829005772e9717886d15f01f7b633acb7ceb56de54d6fea509b",
    "https://deno.land/x/gemini@v0.0.3-alpha/gemini_status.ts": "085dc841fa9bc495c8ef5ba54030bb16f932dd5adf3c3e2c15f843bd1e048c68",
    "https://deno.land/x/gemini@v0.0.3-alpha/gemini_utils.ts": "d22ee35c4177bf211c0653a3548f41ef12b4472519696116881bfcdf16078d1b",
    "https://deno.land/x/gemini@v0.0.3-alpha/mod.ts": "016bd1afa7a98ac2911c68ccb529d8fe7a2fadd798e0c3279cf8480ebbce5dcd"
  }
}
